
Microsoft Visual Studio Solution File, Format Version 12.00
# Visual Studio 2012
Project("{FAE04EC0-301F-11D3-BF4B-00C04F79EFBC}") = "EmptyStages", "EmptyStages\EmptyStages.csproj", "{B0F0FA9B-7634-4F11-BA98-2E98D50C24DC}"
EndProject
Global
	GlobalSection(SolutionConfigurationPlatforms) = preSolution
		Debug|Any CPU = Debug|Any CPU
		Release|Any CPU = Release|Any CPU
	EndGlobalSection
	GlobalSection(ProjectConfigurationPlatforms) = postSolution
		{B0F0FA9B-7634-4F11-BA98-2E98D50C24DC}.Debug|Any CPU.ActiveCfg = Debug|Any CPU
		{B0F0FA9B-7634-4F11-BA98-2E98D50C24DC}.Debug|Any CPU.Build.0 = Debug|Any CPU
		{B0F0FA9B-7634-4F11-BA98-2E98D50C24DC}.Release|Any CPU.ActiveCfg = Release|Any CPU
		{B0F0FA9B-7634-4F11-BA98-2E98D50C24DC}.Release|Any CPU.Build.0 = Release|Any CPU
	EndGlobalSection
EndGlobal
